
Microsoft Visual Studio Solution File, Format Version 12.00
# Visual Studio 15
Project("{FAE04EC0-301F-11D3-BF4B-00C04F79EFBC}") = "Assembly-CSharp", "Assembly-CSharp.csproj", "{0B83AA1A-7801-1630-8183-F98E351D1156}"
EndProject
Project("{FAE04EC0-301F-11D3-BF4B-00C04F79EFBC}") = "Assembly-CSharp-Editor", "Assembly-CSharp-Editor.csproj", "{D7FFA003-CA3C-9289-81CA-D3B08D1889E1}"
EndProject
Global
	GlobalSection(SolutionConfigurationPlatforms) = preSolution
		Debug|Any CPU = Debug|Any CPU
		Release|Any CPU = Release|Any CPU
	EndGlobalSection
	GlobalSection(ProjectConfigurationPlatforms) = postSolution
		{0B83AA1A-7801-1630-8183-F98E351D1156}.Debug|Any CPU.ActiveCfg = Debug|Any CPU
		{0B83AA1A-7801-1630-8183-F98E351D1156}.Debug|Any CPU.Build.0 = Debug|Any CPU
		{0B83AA1A-7801-1630-8183-F98E351D1156}.Release|Any CPU.ActiveCfg = Release|Any CPU
		{0B83AA1A-7801-1630-8183-F98E351D1156}.Release|Any CPU.Build.0 = Release|Any CPU
		{D7FFA003-CA3C-9289-81CA-D3B08D1889E1}.Debug|Any CPU.ActiveCfg = Debug|Any CPU
		{D7FFA003-CA3C-9289-81CA-D3B08D1889E1}.Debug|Any CPU.Build.0 = Debug|Any CPU
		{D7FFA003-CA3C-9289-81CA-D3B08D1889E1}.Release|Any CPU.ActiveCfg = Release|Any CPU
		{D7FFA003-CA3C-9289-81CA-D3B08D1889E1}.Release|Any CPU.Build.0 = Release|Any CPU
	EndGlobalSection
	GlobalSection(SolutionProperties) = preSolution
		HideSolutionNode = FALSE
	EndGlobalSection
EndGlobal
